
Microsoft Visual Studio Solution File, Format Version 12.00
# Visual Studio Version 17
VisualStudioVersion = 17.3.32929.385
MinimumVisualStudioVersion = 10.0.40219.1
Project("{FAE04EC0-301F-11D3-BF4B-00C04F79EFBC}") = "graf3", "graf3\graf3.csproj", "{76F4A30E-10EB-4250-9CBF-BBD9825AFE73}"
EndProject
Global
	GlobalSection(SolutionConfigurationPlatforms) = preSolution
		Debug|Any CPU = Debug|Any CPU
		Release|Any CPU = Release|Any CPU
	EndGlobalSection
	GlobalSection(ProjectConfigurationPlatforms) = postSolution
		{76F4A30E-10EB-4250-9CBF-BBD9825AFE73}.Debug|Any CPU.ActiveCfg = Debug|Any CPU
		{76F4A30E-10EB-4250-9CBF-BBD9825AFE73}.Debug|Any CPU.Build.0 = Debug|Any CPU
		{76F4A30E-10EB-4250-9CBF-BBD9825AFE73}.Release|Any CPU.ActiveCfg = Release|Any CPU
		{76F4A30E-10EB-4250-9CBF-BBD9825AFE73}.Release|Any CPU.Build.0 = Release|Any CPU
	EndGlobalSection
	GlobalSection(SolutionProperties) = preSolution
		HideSolutionNode = FALSE
	EndGlobalSection
	GlobalSection(ExtensibilityGlobals) = postSolution
		SolutionGuid = {CC4A83B2-0288-41A2-BE82-6558C9F1B14D}
	EndGlobalSection
EndGlobal
